
Microsoft Visual Studio Solution File, Format Version 12.00
# Visual Studio Version 17
VisualStudioVersion = 17.13.35931.197 d17.13
MinimumVisualStudioVersion = 10.0.40219.1
Project("{FAE04EC0-301F-11D3-BF4B-00C04F79EFBC}") = "3_RuizyTicona_0", "3_RuizyTicona_0\3_RuizyTicona_0.csproj", "{20621FBD-78CF-4F23-8635-B216D877BE6E}"
EndProject
Global
	GlobalSection(SolutionConfigurationPlatforms) = preSolution
		Debug|Any CPU = Debug|Any CPU
		Release|Any CPU = Release|Any CPU
	EndGlobalSection
	GlobalSection(ProjectConfigurationPlatforms) = postSolution
		{20621FBD-78CF-4F23-8635-B216D877BE6E}.Debug|Any CPU.ActiveCfg = Debug|Any CPU
		{20621FBD-78CF-4F23-8635-B216D877BE6E}.Debug|Any CPU.Build.0 = Debug|Any CPU
		{20621FBD-78CF-4F23-8635-B216D877BE6E}.Release|Any CPU.ActiveCfg = Release|Any CPU
		{20621FBD-78CF-4F23-8635-B216D877BE6E}.Release|Any CPU.Build.0 = Release|Any CPU
	EndGlobalSection
	GlobalSection(SolutionProperties) = preSolution
		HideSolutionNode = FALSE
	EndGlobalSection
	GlobalSection(ExtensibilityGlobals) = postSolution
		SolutionGuid = {93583577-D1B8-4E48-8424-25C954582E05}
	EndGlobalSection
EndGlobal
