
Microsoft Visual Studio Solution File, Format Version 12.00
# Visual Studio 14
VisualStudioVersion = 14.0.23107.0
MinimumVisualStudioVersion = 10.0.40219.1
Project("{FAE04EC0-301F-11D3-BF4B-00C04F79EFBC}") = "2_RuizyTicona_6", "2_RuizyTicona_6\2_RuizyTicona_6.csproj", "{2691E29E-5B55-46DE-A95B-9CED3A7997BF}"
EndProject
Global
	GlobalSection(SolutionConfigurationPlatforms) = preSolution
		Debug|Any CPU = Debug|Any CPU
		Release|Any CPU = Release|Any CPU
	EndGlobalSection
	GlobalSection(ProjectConfigurationPlatforms) = postSolution
		{2691E29E-5B55-46DE-A95B-9CED3A7997BF}.Debug|Any CPU.ActiveCfg = Debug|Any CPU
		{2691E29E-5B55-46DE-A95B-9CED3A7997BF}.Debug|Any CPU.Build.0 = Debug|Any CPU
		{2691E29E-5B55-46DE-A95B-9CED3A7997BF}.Release|Any CPU.ActiveCfg = Release|Any CPU
		{2691E29E-5B55-46DE-A95B-9CED3A7997BF}.Release|Any CPU.Build.0 = Release|Any CPU
	EndGlobalSection
	GlobalSection(SolutionProperties) = preSolution
		HideSolutionNode = FALSE
	EndGlobalSection
EndGlobal
