
Microsoft Visual Studio Solution File, Format Version 12.00
# Visual Studio Version 17
VisualStudioVersion = 17.13.35931.197 d17.13
MinimumVisualStudioVersion = 10.0.40219.1
Project("{FAE04EC0-301F-11D3-BF4B-00C04F79EFBC}") = "3_RuizyTicona_4", "3_RuizyTicona_4\3_RuizyTicona_4.csproj", "{F9E65F5D-C6DA-42B1-8B4E-A94245103095}"
EndProject
Global
	GlobalSection(SolutionConfigurationPlatforms) = preSolution
		Debug|Any CPU = Debug|Any CPU
		Release|Any CPU = Release|Any CPU
	EndGlobalSection
	GlobalSection(ProjectConfigurationPlatforms) = postSolution
		{F9E65F5D-C6DA-42B1-8B4E-A94245103095}.Debug|Any CPU.ActiveCfg = Debug|Any CPU
		{F9E65F5D-C6DA-42B1-8B4E-A94245103095}.Debug|Any CPU.Build.0 = Debug|Any CPU
		{F9E65F5D-C6DA-42B1-8B4E-A94245103095}.Release|Any CPU.ActiveCfg = Release|Any CPU
		{F9E65F5D-C6DA-42B1-8B4E-A94245103095}.Release|Any CPU.Build.0 = Release|Any CPU
	EndGlobalSection
	GlobalSection(SolutionProperties) = preSolution
		HideSolutionNode = FALSE
	EndGlobalSection
	GlobalSection(ExtensibilityGlobals) = postSolution
		SolutionGuid = {0A4E99C6-7959-4C02-A6C9-865BEAFC70B1}
	EndGlobalSection
EndGlobal
