
Microsoft Visual Studio Solution File, Format Version 12.00
# Visual Studio 14
VisualStudioVersion = 14.0.23107.0
MinimumVisualStudioVersion = 10.0.40219.1
Project("{FAE04EC0-301F-11D3-BF4B-00C04F79EFBC}") = "2_Ruiz_5", "2_Ruiz_5\2_Ruiz_5.csproj", "{561FA1AD-E9CC-4AA2-9787-799D11370185}"
EndProject
Global
	GlobalSection(SolutionConfigurationPlatforms) = preSolution
		Debug|Any CPU = Debug|Any CPU
		Release|Any CPU = Release|Any CPU
	EndGlobalSection
	GlobalSection(ProjectConfigurationPlatforms) = postSolution
		{561FA1AD-E9CC-4AA2-9787-799D11370185}.Debug|Any CPU.ActiveCfg = Debug|Any CPU
		{561FA1AD-E9CC-4AA2-9787-799D11370185}.Debug|Any CPU.Build.0 = Debug|Any CPU
		{561FA1AD-E9CC-4AA2-9787-799D11370185}.Release|Any CPU.ActiveCfg = Release|Any CPU
		{561FA1AD-E9CC-4AA2-9787-799D11370185}.Release|Any CPU.Build.0 = Release|Any CPU
	EndGlobalSection
	GlobalSection(SolutionProperties) = preSolution
		HideSolutionNode = FALSE
	EndGlobalSection
EndGlobal
